
Microsoft Visual Studio Solution File, Format Version 12.00
# Visual Studio Version 17
VisualStudioVersion = 17.6.33723.286
MinimumVisualStudioVersion = 10.0.40219.1
Project("{FAE04EC0-301F-11D3-BF4B-00C04F79EFBC}") = "Ticket_Movie", "Ticket_Movie\Ticket_Movie.csproj", "{5B2E2647-6268-45E0-A8D3-61275E3E4609}"
EndProject
Global
	GlobalSection(SolutionConfigurationPlatforms) = preSolution
		Debug|Any CPU = Debug|Any CPU
		Release|Any CPU = Release|Any CPU
	EndGlobalSection
	GlobalSection(ProjectConfigurationPlatforms) = postSolution
		{5B2E2647-6268-45E0-A8D3-61275E3E4609}.Debug|Any CPU.ActiveCfg = Debug|Any CPU
		{5B2E2647-6268-45E0-A8D3-61275E3E4609}.Debug|Any CPU.Build.0 = Debug|Any CPU
		{5B2E2647-6268-45E0-A8D3-61275E3E4609}.Release|Any CPU.ActiveCfg = Release|Any CPU
		{5B2E2647-6268-45E0-A8D3-61275E3E4609}.Release|Any CPU.Build.0 = Release|Any CPU
	EndGlobalSection
	GlobalSection(SolutionProperties) = preSolution
		HideSolutionNode = FALSE
	EndGlobalSection
	GlobalSection(ExtensibilityGlobals) = postSolution
		SolutionGuid = {4D8BDF71-8A57-46FD-9804-96C3E302EC72}
	EndGlobalSection
EndGlobal
